// !$*UTF8*$!
{
	archiveVersion = 1;
	classes = {
	};
	objectVersion = 50;
	objects = {

/* Begin PBXBuildFile section */
		3F068CA821CF15D4003DAB00 /* AppDelegate.swift in Sources */ = {isa = PBXBuildFile; fileRef = 3F068CA721CF15D4003DAB00 /* AppDelegate.swift */; };
		3F068CAA21CF15D4003DAB00 /* ViewController.swift in Sources */ = {isa = PBXBuildFile; fileRef = 3F068CA921CF15D4003DAB00 /* ViewController.swift */; };
		3F068CAD21CF15D4003DAB00 /* Main.storyboard in Resources */ = {isa = PBXBuildFile; fileRef = 3F068CAB21CF15D4003DAB00 /* Main.storyboard */; };
		3F068CAF21CF15D5003DAB00 /* Assets.xcassets in Resources */ = {isa = PBXBuildFile; fileRef = 3F068CAE21CF15D5003DAB00 /* Assets.xcassets */; };
		3F068CB221CF15D5003DAB00 /* LaunchScreen.storyboard in Resources */ = {isa = PBXBuildFile; fileRef = 3F068CB021CF15D5003DAB00 /* LaunchScreen.storyboard */; };
		3F068D1921CF1925003DAB00 /* icon_menu_hp_press.png in Resources */ = {isa = PBXBuildFile; fileRef = 3F068CBB21CF1925003DAB00 /* icon_menu_hp_press.png */; };
		3F068D1A21CF1925003DAB00 /* icon_menu_hp_selected.png in Resources */ = {isa = PBXBuildFile; fileRef = 3F068CBC21CF1925003DAB00 /* icon_menu_hp_selected.png */; };
		3F068D1B21CF1925003DAB00 /* icon_menu_ihave_press.png in Resources */ = {isa = PBXBuildFile; fileRef = 3F068CBD21CF1925003DAB00 /* icon_menu_ihave_press.png */; };
		3F068D1C21CF1925003DAB00 /* icon_menu_ihave_selected.png in Resources */ = {isa = PBXBuildFile; fileRef = 3F068CBE21CF1925003DAB00 /* icon_menu_ihave_selected.png */; };
		3F068D1D21CF1925003DAB00 /* icon_menu_profile_press.png in Resources */ = {isa = PBXBuildFile; fileRef = 3F068CBF21CF1925003DAB00 /* icon_menu_profile_press.png */; };
		3F068D1E21CF1925003DAB00 /* icon_menu_profile_selected.png in Resources */ = {isa = PBXBuildFile; fileRef = 3F068CC021CF1925003DAB00 /* icon_menu_profile_selected.png */; };
		3F068D1F21CF1925003DAB00 /* icon_menu_x_press.png in Resources */ = {isa = PBXBuildFile; fileRef = 3F068CC121CF1925003DAB00 /* icon_menu_x_press.png */; };
		3F068D2021CF1925003DAB00 /* icon_menu_x_selected.png in Resources */ = {isa = PBXBuildFile; fileRef = 3F068CC221CF1925003DAB00 /* icon_menu_x_selected.png */; };
		3F068D2121CF1925003DAB00 /* recommend.plist in Resources */ = {isa = PBXBuildFile; fileRef = 3F068CC521CF1925003DAB00 /* recommend.plist */; };
		3F068D2221CF1925003DAB00 /* theplace_coffee_detail.png in Resources */ = {isa = PBXBuildFile; fileRef = 3F068CC721CF1925003DAB00 /* theplace_coffee_detail.png */; };
		3F068D2321CF1925003DAB00 /* theplace_coffee_logo.png in Resources */ = {isa = PBXBuildFile; fileRef = 3F068CC821CF1925003DAB00 /* theplace_coffee_logo.png */; };
		3F068D2421CF1925003DAB00 /* 推荐：theplace.txt in Resources */ = {isa = PBXBuildFile; fileRef = 3F068CC921CF1925003DAB00 /* 推荐：theplace.txt */; };
		3F068D2521CF1925003DAB00 /* starbucks_coffee_detail.png in Resources */ = {isa = PBXBuildFile; fileRef = 3F068CCB21CF1925003DAB00 /* starbucks_coffee_detail.png */; };
		3F068D2621CF1925003DAB00 /* starbucks_coffee_logo.png in Resources */ = {isa = PBXBuildFile; fileRef = 3F068CCC21CF1925003DAB00 /* starbucks_coffee_logo.png */; };
		3F068D2721CF1925003DAB00 /* 推荐：星巴克.txt in Resources */ = {isa = PBXBuildFile; fileRef = 3F068CCD21CF1925003DAB00 /* 推荐：星巴克.txt */; };
		3F068D2821CF1925003DAB00 /* man_coffee_detail.png in Resources */ = {isa = PBXBuildFile; fileRef = 3F068CCF21CF1925003DAB00 /* man_coffee_detail.png */; };
		3F068D2921CF1925003DAB00 /* man_coffee_logo.png in Resources */ = {isa = PBXBuildFile; fileRef = 3F068CD021CF1925003DAB00 /* man_coffee_logo.png */; };
		3F068D2A21CF1925003DAB00 /* 推荐：漫咖啡.txt in Resources */ = {isa = PBXBuildFile; fileRef = 3F068CD121CF1925003DAB00 /* 推荐：漫咖啡.txt */; };
		3F068D2B21CF1925003DAB00 /* goodwoods_coffee.detail.png in Resources */ = {isa = PBXBuildFile; fileRef = 3F068CD321CF1925003DAB00 /* goodwoods_coffee.detail.png */; };
		3F068D2C21CF1925003DAB00 /* goodwoods_coffee_logo.png in Resources */ = {isa = PBXBuildFile; fileRef = 3F068CD421CF1925003DAB00 /* goodwoods_coffee_logo.png */; };
		3F068D2D21CF1925003DAB00 /* 推荐：良木缘.txt in Resources */ = {isa = PBXBuildFile; fileRef = 3F068CD521CF1925003DAB00 /* 推荐：良木缘.txt */; };
		3F068D2E21CF1925003DAB00 /* winshare_detail.png in Resources */ = {isa = PBXBuildFile; fileRef = 3F068CD721CF1925003DAB00 /* winshare_detail.png */; };
		3F068D2F21CF1925003DAB00 /* winshare_logo.png in Resources */ = {isa = PBXBuildFile; fileRef = 3F068CD821CF1925003DAB00 /* winshare_logo.png */; };
		3F068D3021CF1925003DAB00 /* 推荐：轩客会.txt in Resources */ = {isa = PBXBuildFile; fileRef = 3F068CD921CF1925003DAB00 /* 推荐：轩客会.txt */; };
		3F068D3121CF1925003DAB00 /* viewSpot.plist in Resources */ = {isa = PBXBuildFile; fileRef = 3F068CDB21CF1925003DAB00 /* viewSpot.plist */; };
		3F068D3221CF1925003DAB00 /* 宽窄巷子.jpg in Resources */ = {isa = PBXBuildFile; fileRef = 3F068CDD21CF1925003DAB00 /* 宽窄巷子.jpg */; };
		3F068D3321CF1925003DAB00 /* 宽窄巷子1.jpg in Resources */ = {isa = PBXBuildFile; fileRef = 3F068CDE21CF1925003DAB00 /* 宽窄巷子1.jpg */; };
		3F068D3421CF1925003DAB00 /* 宽窄巷子2.jpg in Resources */ = {isa = PBXBuildFile; fileRef = 3F068CDF21CF1925003DAB00 /* 宽窄巷子2.jpg */; };
		3F068D3521CF1925003DAB00 /* 宽窄巷子3.jpg in Resources */ = {isa = PBXBuildFile; fileRef = 3F068CE021CF1925003DAB00 /* 宽窄巷子3.jpg */; };
		3F068D3621CF1925003DAB00 /* 杜甫草堂.jpg in Resources */ = {isa = PBXBuildFile; fileRef = 3F068CE221CF1925003DAB00 /* 杜甫草堂.jpg */; };
		3F068D3721CF1925003DAB00 /* 杜甫草堂1.jpg in Resources */ = {isa = PBXBuildFile; fileRef = 3F068CE321CF1925003DAB00 /* 杜甫草堂1.jpg */; };
		3F068D3821CF1925003DAB00 /* 杜甫草堂2.jpg in Resources */ = {isa = PBXBuildFile; fileRef = 3F068CE421CF1925003DAB00 /* 杜甫草堂2.jpg */; };
		3F068D3921CF1925003DAB00 /* 杜甫草堂3.jpg in Resources */ = {isa = PBXBuildFile; fileRef = 3F068CE521CF1925003DAB00 /* 杜甫草堂3.jpg */; };
		3F068D3A21CF1925003DAB00 /* 欢乐谷.jpg in Resources */ = {isa = PBXBuildFile; fileRef = 3F068CE721CF1925003DAB00 /* 欢乐谷.jpg */; };
		3F068D3B21CF1925003DAB00 /* 欢乐谷1.jpg in Resources */ = {isa = PBXBuildFile; fileRef = 3F068CE821CF1925003DAB00 /* 欢乐谷1.jpg */; };
		3F068D3C21CF1925003DAB00 /* 欢乐谷2.jpg in Resources */ = {isa = PBXBuildFile; fileRef = 3F068CE921CF1925003DAB00 /* 欢乐谷2.jpg */; };
		3F068D3D21CF1925003DAB00 /* 欢乐谷3.jpg in Resources */ = {isa = PBXBuildFile; fileRef = 3F068CEA21CF1925003DAB00 /* 欢乐谷3.jpg */; };
		3F068D3E21CF1925003DAB00 /* 武侯祠.jpg in Resources */ = {isa = PBXBuildFile; fileRef = 3F068CEC21CF1925003DAB00 /* 武侯祠.jpg */; };
		3F068D3F21CF1925003DAB00 /* 武侯祠1.jpg in Resources */ = {isa = PBXBuildFile; fileRef = 3F068CED21CF1925003DAB00 /* 武侯祠1.jpg */; };
		3F068D4021CF1925003DAB00 /* 武侯祠2.jpg in Resources */ = {isa = PBXBuildFile; fileRef = 3F068CEE21CF1925003DAB00 /* 武侯祠2.jpg */; };
		3F068D4121CF1925003DAB00 /* 武侯祠3.jpg in Resources */ = {isa = PBXBuildFile; fileRef = 3F068CEF21CF1925003DAB00 /* 武侯祠3.jpg */; };
		3F068D4221CF1925003DAB00 /* 熊猫基地.jpg in Resources */ = {isa = PBXBuildFile; fileRef = 3F068CF121CF1925003DAB00 /* 熊猫基地.jpg */; };
		3F068D4321CF1925003DAB00 /* 熊猫基地1.jpg in Resources */ = {isa = PBXBuildFile; fileRef = 3F068CF221CF1925003DAB00 /* 熊猫基地1.jpg */; };
		3F068D4421CF1925003DAB00 /* 熊猫基地2.jpg in Resources */ = {isa = PBXBuildFile; fileRef = 3F068CF321CF1925003DAB00 /* 熊猫基地2.jpg */; };
		3F068D4521CF1925003DAB00 /* 熊猫基地3.jpg in Resources */ = {isa = PBXBuildFile; fileRef = 3F068CF421CF1925003DAB00 /* 熊猫基地3.jpg */; };
		3F068D4621CF1925003DAB00 /* 锦里.jpg in Resources */ = {isa = PBXBuildFile; fileRef = 3F068CF621CF1925003DAB00 /* 锦里.jpg */; };
		3F068D4721CF1925003DAB00 /* 锦里1.jpg in Resources */ = {isa = PBXBuildFile; fileRef = 3F068CF721CF1925003DAB00 /* 锦里1.jpg */; };
		3F068D4821CF1925003DAB00 /* 锦里2.jpg in Resources */ = {isa = PBXBuildFile; fileRef = 3F068CF821CF1925003DAB00 /* 锦里2.jpg */; };
		3F068D4921CF1925003DAB00 /* 锦里3.jpg in Resources */ = {isa = PBXBuildFile; fileRef = 3F068CF921CF1925003DAB00 /* 锦里3.jpg */; };
		3F068D4A21CF1925003DAB00 /* 个人信息@2x.png in Resources */ = {isa = PBXBuildFile; fileRef = 3F068CFB21CF1925003DAB00 /* 个人信息@2x.png */; };
		3F068D4B21CF1925003DAB00 /* 关于我们@2x.png in Resources */ = {isa = PBXBuildFile; fileRef = 3F068CFC21CF1925003DAB00 /* 关于我们@2x.png */; };
		3F068D4C21CF1925003DAB00 /* 意见反馈@2x.png in Resources */ = {isa = PBXBuildFile; fileRef = 3F068CFD21CF1925003DAB00 /* 意见反馈@2x.png */; };
		3F068D4D21CF1925003DAB00 /* 清除缓存@2x.png in Resources */ = {isa = PBXBuildFile; fileRef = 3F068CFE21CF1925003DAB00 /* 清除缓存@2x.png */; };
		3F068D4E21CF1925003DAB00 /* 通知设置@2x.png in Resources */ = {isa = PBXBuildFile; fileRef = 3F068CFF21CF1925003DAB00 /* 通知设置@2x.png */; };
		3F068D4F21CF1925003DAB00 /* icon-1024.png in Resources */ = {isa = PBXBuildFile; fileRef = 3F068D0121CF1925003DAB00 /* icon-1024.png */; };
		3F068D5021CF1925003DAB00 /* icon-120.png in Resources */ = {isa = PBXBuildFile; fileRef = 3F068D0221CF1925003DAB00 /* icon-120.png */; };
		3F068D5121CF1925003DAB00 /* icon-152.png in Resources */ = {isa = PBXBuildFile; fileRef = 3F068D0321CF1925003DAB00 /* icon-152.png */; };
		3F068D5221CF1925003DAB00 /* icon-167.png in Resources */ = {isa = PBXBuildFile; fileRef = 3F068D0421CF1925003DAB00 /* icon-167.png */; };
		3F068D5321CF1925003DAB00 /* icon-180.png in Resources */ = {isa = PBXBuildFile; fileRef = 3F068D0521CF1925003DAB00 /* icon-180.png */; };
		3F068D5421CF1925003DAB00 /* icon-20.png in Resources */ = {isa = PBXBuildFile; fileRef = 3F068D0621CF1925003DAB00 /* icon-20.png */; };
		3F068D5521CF1925003DAB00 /* icon-29.png in Resources */ = {isa = PBXBuildFile; fileRef = 3F068D0721CF1925003DAB00 /* icon-29.png */; };
		3F068D5621CF1925003DAB00 /* icon-40.png in Resources */ = {isa = PBXBuildFile; fileRef = 3F068D0821CF1925003DAB00 /* icon-40.png */; };
		3F068D5721CF1925003DAB00 /* icon-58.png in Resources */ = {isa = PBXBuildFile; fileRef = 3F068D0921CF1925003DAB00 /* icon-58.png */; };
		3F068D5821CF1925003DAB00 /* icon-60.png in Resources */ = {isa = PBXBuildFile; fileRef = 3F068D0A21CF1925003DAB00 /* icon-60.png */; };
		3F068D5921CF1925003DAB00 /* icon-76.png in Resources */ = {isa = PBXBuildFile; fileRef = 3F068D0B21CF1925003DAB00 /* icon-76.png */; };
		3F068D5A21CF1925003DAB00 /* icon-80.png in Resources */ = {isa = PBXBuildFile; fileRef = 3F068D0C21CF1925003DAB00 /* icon-80.png */; };
		3F068D5B21CF1925003DAB00 /* icon-87.png in Resources */ = {isa = PBXBuildFile; fileRef = 3F068D0D21CF1925003DAB00 /* icon-87.png */; };
		3F068D5C21CF1925003DAB00 /* logo.png in Resources */ = {isa = PBXBuildFile; fileRef = 3F068D0E21CF1925003DAB00 /* logo.png */; };
		3F068D5D21CF1925003DAB00 /* logo3.png in Resources */ = {isa = PBXBuildFile; fileRef = 3F068D0F21CF1925003DAB00 /* logo3.png */; };
		3F068D5E21CF1925003DAB00 /* background.mp3 in Resources */ = {isa = PBXBuildFile; fileRef = 3F068D1121CF1925003DAB00 /* background.mp3 */; };
		3F068D5F21CF1925003DAB00 /* music_fail.mp3 in Resources */ = {isa = PBXBuildFile; fileRef = 3F068D1221CF1925003DAB00 /* music_fail.mp3 */; };
		3F068D6021CF1925003DAB00 /* music_success.caf in Resources */ = {isa = PBXBuildFile; fileRef = 3F068D1321CF1925003DAB00 /* music_success.caf */; };
		3F068D7321CF2748003DAB00 /* 首页2.png in Resources */ = {isa = PBXBuildFile; fileRef = 3F068D6F21CF2748003DAB00 /* 首页2.png */; };
		3F068D7421CF2748003DAB00 /* 首页3.png in Resources */ = {isa = PBXBuildFile; fileRef = 3F068D7021CF2748003DAB00 /* 首页3.png */; };
		3F068D7521CF2748003DAB00 /* 首页1.png in Resources */ = {isa = PBXBuildFile; fileRef = 3F068D7121CF2748003DAB00 /* 首页1.png */; };
		3F068D7621CF2748003DAB00 /* Home.plist in Resources */ = {isa = PBXBuildFile; fileRef = 3F068D7221CF2748003DAB00 /* Home.plist */; };
		3F068D7821CF292F003DAB00 /* RecommendViewController.swift in Sources */ = {isa = PBXBuildFile; fileRef = 3F068D7721CF292F003DAB00 /* RecommendViewController.swift */; };
/* End PBXBuildFile section */

/* Begin PBXFileReference section */
		3F068CA421CF15D4003DAB00 /* lesson4.app */ = {isa = PBXFileReference; explicitFileType = wrapper.application; includeInIndex = 0; path = lesson4.app; sourceTree = BUILT_PRODUCTS_DIR; };
		3F068CA721CF15D4003DAB00 /* AppDelegate.swift */ = {isa = PBXFileReference; lastKnownFileType = sourcecode.swift; path = AppDelegate.swift; sourceTree = "<group>"; };
		3F068CA921CF15D4003DAB00 /* ViewController.swift */ = {isa = PBXFileReference; lastKnownFileType = sourcecode.swift; path = ViewController.swift; sourceTree = "<group>"; };
		3F068CAC21CF15D4003DAB00 /* Base */ = {isa = PBXFileReference; lastKnownFileType = file.storyboard; name = Base; path = Base.lproj/Main.storyboard; sourceTree = "<group>"; };
		3F068CAE21CF15D5003DAB00 /* Assets.xcassets */ = {isa = PBXFileReference; lastKnownFileType = folder.assetcatalog; path = Assets.xcassets; sourceTree = "<group>"; };
		3F068CB121CF15D5003DAB00 /* Base */ = {isa = PBXFileReference; lastKnownFileType = file.storyboard; name = Base; path = Base.lproj/LaunchScreen.storyboard; sourceTree = "<group>"; };
		3F068CB321CF15D5003DAB00 /* Info.plist */ = {isa = PBXFileReference; lastKnownFileType = text.plist.xml; path = Info.plist; sourceTree = "<group>"; };
		3F068CBB21CF1925003DAB00 /* icon_menu_hp_press.png */ = {isa = PBXFileReference; lastKnownFileType = image.png; path = icon_menu_hp_press.png; sourceTree = "<group>"; };
		3F068CBC21CF1925003DAB00 /* icon_menu_hp_selected.png */ = {isa = PBXFileReference; lastKnownFileType = image.png; path = icon_menu_hp_selected.png; sourceTree = "<group>"; };
		3F068CBD21CF1925003DAB00 /* icon_menu_ihave_press.png */ = {isa = PBXFileReference; lastKnownFileType = image.png; path = icon_menu_ihave_press.png; sourceTree = "<group>"; };
		3F068CBE21CF1925003DAB00 /* icon_menu_ihave_selected.png */ = {isa = PBXFileReference; lastKnownFileType = image.png; path = icon_menu_ihave_selected.png; sourceTree = "<group>"; };
		3F068CBF21CF1925003DAB00 /* icon_menu_profile_press.png */ = {isa = PBXFileReference; lastKnownFileType = image.png; path = icon_menu_profile_press.png; sourceTree = "<group>"; };
		3F068CC021CF1925003DAB00 /* icon_menu_profile_selected.png */ = {isa = PBXFileReference; lastKnownFileType = image.png; path = icon_menu_profile_selected.png; sourceTree = "<group>"; };
		3F068CC121CF1925003DAB00 /* icon_menu_x_press.png */ = {isa = PBXFileReference; lastKnownFileType = image.png; path = icon_menu_x_press.png; sourceTree = "<group>"; };
		3F068CC221CF1925003DAB00 /* icon_menu_x_selected.png */ = {isa = PBXFileReference; lastKnownFileType = image.png; path = icon_menu_x_selected.png; sourceTree = "<group>"; };
		3F068CC521CF1925003DAB00 /* recommend.plist */ = {isa = PBXFileReference; fileEncoding = 4; lastKnownFileType = text.plist.xml; path = recommend.plist; sourceTree = "<group>"; };
		3F068CC721CF1925003DAB00 /* theplace_coffee_detail.png */ = {isa = PBXFileReference; lastKnownFileType = image.png; path = theplace_coffee_detail.png; sourceTree = "<group>"; };
		3F068CC821CF1925003DAB00 /* theplace_coffee_logo.png */ = {isa = PBXFileReference; lastKnownFileType = image.png; path = theplace_coffee_logo.png; sourceTree = "<group>"; };
		3F068CC921CF1925003DAB00 /* 推荐：theplace.txt */ = {isa = PBXFileReference; fileEncoding = 4; lastKnownFileType = text; path = "推荐：theplace.txt"; sourceTree = "<group>"; };
		3F068CCB21CF1925003DAB00 /* starbucks_coffee_detail.png */ = {isa = PBXFileReference; lastKnownFileType = image.png; path = starbucks_coffee_detail.png; sourceTree = "<group>"; };
		3F068CCC21CF1925003DAB00 /* starbucks_coffee_logo.png */ = {isa = PBXFileReference; lastKnownFileType = image.png; path = starbucks_coffee_logo.png; sourceTree = "<group>"; };
		3F068CCD21CF1925003DAB00 /* 推荐：星巴克.txt */ = {isa = PBXFileReference; fileEncoding = 4; lastKnownFileType = text; path = "推荐：星巴克.txt"; sourceTree = "<group>"; };
		3F068CCF21CF1925003DAB00 /* man_coffee_detail.png */ = {isa = PBXFileReference; lastKnownFileType = image.png; path = man_coffee_detail.png; sourceTree = "<group>"; };
		3F068CD021CF1925003DAB00 /* man_coffee_logo.png */ = {isa = PBXFileReference; lastKnownFileType = image.png; path = man_coffee_logo.png; sourceTree = "<group>"; };
		3F068CD121CF1925003DAB00 /* 推荐：漫咖啡.txt */ = {isa = PBXFileReference; fileEncoding = 4; lastKnownFileType = text; path = "推荐：漫咖啡.txt"; sourceTree = "<group>"; };
		3F068CD321CF1925003DAB00 /* goodwoods_coffee.detail.png */ = {isa = PBXFileReference; lastKnownFileType = image.png; path = goodwoods_coffee.detail.png; sourceTree = "<group>"; };
		3F068CD421CF1925003DAB00 /* goodwoods_coffee_logo.png */ = {isa = PBXFileReference; lastKnownFileType = image.png; path = goodwoods_coffee_logo.png; sourceTree = "<group>"; };
		3F068CD521CF1925003DAB00 /* 推荐：良木缘.txt */ = {isa = PBXFileReference; fileEncoding = 4; lastKnownFileType = text; path = "推荐：良木缘.txt"; sourceTree = "<group>"; };
		3F068CD721CF1925003DAB00 /* winshare_detail.png */ = {isa = PBXFileReference; lastKnownFileType = image.png; path = winshare_detail.png; sourceTree = "<group>"; };
		3F068CD821CF1925003DAB00 /* winshare_logo.png */ = {isa = PBXFileReference; lastKnownFileType = image.png; path = winshare_logo.png; sourceTree = "<group>"; };
		3F068CD921CF1925003DAB00 /* 推荐：轩客会.txt */ = {isa = PBXFileReference; fileEncoding = 4; lastKnownFileType = text; path = "推荐：轩客会.txt"; sourceTree = "<group>"; };
		3F068CDB21CF1925003DAB00 /* viewSpot.plist */ = {isa = PBXFileReference; fileEncoding = 4; lastKnownFileType = text.plist.xml; path = viewSpot.plist; sourceTree = "<group>"; };
		3F068CDD21CF1925003DAB00 /* 宽窄巷子.jpg */ = {isa = PBXFileReference; lastKnownFileType = image.jpeg; path = "宽窄巷子.jpg"; sourceTree = "<group>"; };
		3F068CDE21CF1925003DAB00 /* 宽窄巷子1.jpg */ = {isa = PBXFileReference; lastKnownFileType = image.jpeg; path = "宽窄巷子1.jpg"; sourceTree = "<group>"; };
		3F068CDF21CF1925003DAB00 /* 宽窄巷子2.jpg */ = {isa = PBXFileReference; lastKnownFileType = image.jpeg; path = "宽窄巷子2.jpg"; sourceTree = "<group>"; };
		3F068CE021CF1925003DAB00 /* 宽窄巷子3.jpg */ = {isa = PBXFileReference; lastKnownFileType = image.jpeg; path = "宽窄巷子3.jpg"; sourceTree = "<group>"; };
		3F068CE221CF1925003DAB00 /* 杜甫草堂.jpg */ = {isa = PBXFileReference; lastKnownFileType = image.jpeg; path = "杜甫草堂.jpg"; sourceTree = "<group>"; };
		3F068CE321CF1925003DAB00 /* 杜甫草堂1.jpg */ = {isa = PBXFileReference; lastKnownFileType = image.jpeg; path = "杜甫草堂1.jpg"; sourceTree = "<group>"; };
		3F068CE421CF1925003DAB00 /* 杜甫草堂2.jpg */ = {isa = PBXFileReference; lastKnownFileType = image.jpeg; path = "杜甫草堂2.jpg"; sourceTree = "<group>"; };
		3F068CE521CF1925003DAB00 /* 杜甫草堂3.jpg */ = {isa = PBXFileReference; lastKnownFileType = image.jpeg; path = "杜甫草堂3.jpg"; sourceTree = "<group>"; };
		3F068CE721CF1925003DAB00 /* 欢乐谷.jpg */ = {isa = PBXFileReference; lastKnownFileType = image.jpeg; path = "欢乐谷.jpg"; sourceTree = "<group>"; };
		3F068CE821CF1925003DAB00 /* 欢乐谷1.jpg */ = {isa = PBXFileReference; lastKnownFileType = image.jpeg; path = "欢乐谷1.jpg"; sourceTree = "<group>"; };
		3F068CE921CF1925003DAB00 /* 欢乐谷2.jpg */ = {isa = PBXFileReference; lastKnownFileType = image.jpeg; path = "欢乐谷2.jpg"; sourceTree = "<group>"; };
		3F068CEA21CF1925003DAB00 /* 欢乐谷3.jpg */ = {isa = PBXFileReference; lastKnownFileType = image.jpeg; path = "欢乐谷3.jpg"; sourceTree = "<group>"; };
		3F068CEC21CF1925003DAB00 /* 武侯祠.jpg */ = {isa = PBXFileReference; lastKnownFileType = image.jpeg; path = "武侯祠.jpg"; sourceTree = "<group>"; };
		3F068CED21CF1925003DAB00 /* 武侯祠1.jpg */ = {isa = PBXFileReference; lastKnownFileType = image.jpeg; path = "武侯祠1.jpg"; sourceTree = "<group>"; };
		3F068CEE21CF1925003DAB00 /* 武侯祠2.jpg */ = {isa = PBXFileReference; lastKnownFileType = image.jpeg; path = "武侯祠2.jpg"; sourceTree = "<group>"; };
		3F068CEF21CF1925003DAB00 /* 武侯祠3.jpg */ = {isa = PBXFileReference; lastKnownFileType = image.jpeg; path = "武侯祠3.jpg"; sourceTree = "<group>"; };
		3F068CF121CF1925003DAB00 /* 熊猫基地.jpg */ = {isa = PBXFileReference; lastKnownFileType = image.jpeg; path = "熊猫基地.jpg"; sourceTree = "<group>"; };
		3F068CF221CF1925003DAB00 /* 熊猫基地1.jpg */ = {isa = PBXFileReference; lastKnownFileType = image.jpeg; path = "熊猫基地1.jpg"; sourceTree = "<group>"; };
		3F068CF321CF1925003DAB00 /* 熊猫基地2.jpg */ = {isa = PBXFileReference; lastKnownFileType = image.jpeg; path = "熊猫基地2.jpg"; sourceTree = "<group>"; };
		3F068CF421CF1925003DAB00 /* 熊猫基地3.jpg */ = {isa = PBXFileReference; lastKnownFileType = image.jpeg; path = "熊猫基地3.jpg"; sourceTree = "<group>"; };
		3F068CF621CF1925003DAB00 /* 锦里.jpg */ = {isa = PBXFileReference; lastKnownFileType = image.jpeg; path = "锦里.jpg"; sourceTree = "<group>"; };
		3F068CF721CF1925003DAB00 /* 锦里1.jpg */ = {isa = PBXFileReference; lastKnownFileType = image.jpeg; path = "锦里1.jpg"; sourceTree = "<group>"; };
		3F068CF821CF1925003DAB00 /* 锦里2.jpg */ = {isa = PBXFileReference; lastKnownFileType = image.jpeg; path = "锦里2.jpg"; sourceTree = "<group>"; };
		3F068CF921CF1925003DAB00 /* 锦里3.jpg */ = {isa = PBXFileReference; lastKnownFileType = image.jpeg; path = "锦里3.jpg"; sourceTree = "<group>"; };
		3F068CFB21CF1925003DAB00 /* 个人信息@2x.png */ = {isa = PBXFileReference; lastKnownFileType = image.png; path = "个人信息@2x.png"; sourceTree = "<group>"; };
		3F068CFC21CF1925003DAB00 /* 关于我们@2x.png */ = {isa = PBXFileReference; lastKnownFileType = image.png; path = "关于我们@2x.png"; sourceTree = "<group>"; };
		3F068CFD21CF1925003DAB00 /* 意见反馈@2x.png */ = {isa = PBXFileReference; lastKnownFileType = image.png; path = "意见反馈@2x.png"; sourceTree = "<group>"; };
		3F068CFE21CF1925003DAB00 /* 清除缓存@2x.png */ = {isa = PBXFileReference; lastKnownFileType = image.png; path = "清除缓存@2x.png"; sourceTree = "<group>"; };
		3F068CFF21CF1925003DAB00 /* 通知设置@2x.png */ = {isa = PBXFileReference; lastKnownFileType = image.png; path = "通知设置@2x.png"; sourceTree = "<group>"; };
		3F068D0121CF1925003DAB00 /* icon-1024.png */ = {isa = PBXFileReference; lastKnownFileType = image.png; path = "icon-1024.png"; sourceTree = "<group>"; };
		3F068D0221CF1925003DAB00 /* icon-120.png */ = {isa = PBXFileReference; lastKnownFileType = image.png; path = "icon-120.png"; sourceTree = "<group>"; };
		3F068D0321CF1925003DAB00 /* icon-152.png */ = {isa = PBXFileReference; lastKnownFileType = image.png; path = "icon-152.png"; sourceTree = "<group>"; };
		3F068D0421CF1925003DAB00 /* icon-167.png */ = {isa = PBXFileReference; lastKnownFileType = image.png; path = "icon-167.png"; sourceTree = "<group>"; };
		3F068D0521CF1925003DAB00 /* icon-180.png */ = {isa = PBXFileReference; lastKnownFileType = image.png; path = "icon-180.png"; sourceTree = "<group>"; };
		3F068D0621CF1925003DAB00 /* icon-20.png */ = {isa = PBXFileReference; lastKnownFileType = image.png; path = "icon-20.png"; sourceTree = "<group>"; };
		3F068D0721CF1925003DAB00 /* icon-29.png */ = {isa = PBXFileReference; lastKnownFileType = image.png; path = "icon-29.png"; sourceTree = "<group>"; };
		3F068D0821CF1925003DAB00 /* icon-40.png */ = {isa = PBXFileReference; lastKnownFileType = image.png; path = "icon-40.png"; sourceTree = "<group>"; };
		3F068D0921CF1925003DAB00 /* icon-58.png */ = {isa = PBXFileReference; lastKnownFileType = image.png; path = "icon-58.png"; sourceTree = "<group>"; };
		3F068D0A21CF1925003DAB00 /* icon-60.png */ = {isa = PBXFileReference; lastKnownFileType = image.png; path = "icon-60.png"; sourceTree = "<group>"; };
		3F068D0B21CF1925003DAB00 /* icon-76.png */ = {isa = PBXFileReference; lastKnownFileType = image.png; path = "icon-76.png"; sourceTree = "<group>"; };
		3F068D0C21CF1925003DAB00 /* icon-80.png */ = {isa = PBXFileReference; lastKnownFileType = image.png; path = "icon-80.png"; sourceTree = "<group>"; };
		3F068D0D21CF1925003DAB00 /* icon-87.png */ = {isa = PBXFileReference; lastKnownFileType = image.png; path = "icon-87.png"; sourceTree = "<group>"; };
		3F068D0E21CF1925003DAB00 /* logo.png */ = {isa = PBXFileReference; lastKnownFileType = image.png; path = logo.png; sourceTree = "<group>"; };
		3F068D0F21CF1925003DAB00 /* logo3.png */ = {isa = PBXFileReference; lastKnownFileType = image.png; path = logo3.png; sourceTree = "<group>"; };
		3F068D1121CF1925003DAB00 /* background.mp3 */ = {isa = PBXFileReference; lastKnownFileType = audio.mp3; path = background.mp3; sourceTree = "<group>"; };
		3F068D1221CF1925003DAB00 /* music_fail.mp3 */ = {isa = PBXFileReference; lastKnownFileType = audio.mp3; path = music_fail.mp3; sourceTree = "<group>"; };
		3F068D1321CF1925003DAB00 /* music_success.caf */ = {isa = PBXFileReference; lastKnownFileType = file; path = music_success.caf; sourceTree = "<group>"; };
		3F068D6F21CF2748003DAB00 /* 首页2.png */ = {isa = PBXFileReference; lastKnownFileType = image.png; path = "首页2.png"; sourceTree = "<group>"; };
		3F068D7021CF2748003DAB00 /* 首页3.png */ = {isa = PBXFileReference; lastKnownFileType = image.png; path = "首页3.png"; sourceTree = "<group>"; };
		3F068D7121CF2748003DAB00 /* 首页1.png */ = {isa = PBXFileReference; lastKnownFileType = image.png; path = "首页1.png"; sourceTree = "<group>"; };
		3F068D7221CF2748003DAB00 /* Home.plist */ = {isa = PBXFileReference; fileEncoding = 4; lastKnownFileType = text.plist.xml; path = Home.plist; sourceTree = "<group>"; };
		3F068D7721CF292F003DAB00 /* RecommendViewController.swift */ = {isa = PBXFileReference; lastKnownFileType = sourcecode.swift; path = RecommendViewController.swift; sourceTree = "<group>"; };
/* End PBXFileReference section */

/* Begin PBXFrameworksBuildPhase section */
		3F068CA121CF15D4003DAB00 /* Frameworks */ = {
			isa = PBXFrameworksBuildPhase;
			buildActionMask = 2147483647;
			files = (
			);
			runOnlyForDeploymentPostprocessing = 0;
		};
/* End PBXFrameworksBuildPhase section */

/* Begin PBXGroup section */
		3F068C9B21CF15D4003DAB00 = {
			isa = PBXGroup;
			children = (
				3F068CA621CF15D4003DAB00 /* lesson4 */,
				3F068CA521CF15D4003DAB00 /* Products */,
			);
			sourceTree = "<group>";
		};
		3F068CA521CF15D4003DAB00 /* Products */ = {
			isa = PBXGroup;
			children = (
				3F068CA421CF15D4003DAB00 /* lesson4.app */,
			);
			name = Products;
			sourceTree = "<group>";
		};
		3F068CA621CF15D4003DAB00 /* lesson4 */ = {
			isa = PBXGroup;
			children = (
				3F068CB921CF1925003DAB00 /* 成都生活展示（素材） */,
				3F068CA721CF15D4003DAB00 /* AppDelegate.swift */,
				3F068CA921CF15D4003DAB00 /* ViewController.swift */,
				3F068CAB21CF15D4003DAB00 /* Main.storyboard */,
				3F068D7721CF292F003DAB00 /* RecommendViewController.swift */,
				3F068CAE21CF15D5003DAB00 /* Assets.xcassets */,
				3F068CB021CF15D5003DAB00 /* LaunchScreen.storyboard */,
				3F068CB321CF15D5003DAB00 /* Info.plist */,
			);
			path = lesson4;
			sourceTree = "<group>";
		};
		3F068CB921CF1925003DAB00 /* 成都生活展示（素材） */ = {
			isa = PBXGroup;
			children = (
				3F068D6E21CF2748003DAB00 /* 首页 */,
				3F068CBA21CF1925003DAB00 /* tabBar */,
				3F068CC321CF1925003DAB00 /* tabBar图标 */,
				3F068CC421CF1925003DAB00 /* 推荐 */,
				3F068CDA21CF1925003DAB00 /* 景点 */,
				3F068CFA21CF1925003DAB00 /* 更多 */,
				3F068D0021CF1925003DAB00 /* 登录logo */,
				3F068D1021CF1925003DAB00 /* 音乐 */,
			);
			path = "成都生活展示（素材）";
			sourceTree = "<group>";
		};
		3F068CBA21CF1925003DAB00 /* tabBar */ = {
			isa = PBXGroup;
			children = (
				3F068CBB21CF1925003DAB00 /* icon_menu_hp_press.png */,
				3F068CBC21CF1925003DAB00 /* icon_menu_hp_selected.png */,
				3F068CBD21CF1925003DAB00 /* icon_menu_ihave_press.png */,
				3F068CBE21CF1925003DAB00 /* icon_menu_ihave_selected.png */,
				3F068CBF21CF1925003DAB00 /* icon_menu_profile_press.png */,
				3F068CC021CF1925003DAB00 /* icon_menu_profile_selected.png */,
				3F068CC121CF1925003DAB00 /* icon_menu_x_press.png */,
				3F068CC221CF1925003DAB00 /* icon_menu_x_selected.png */,
			);
			path = tabBar;
			sourceTree = "<group>";
		};
		3F068CC321CF1925003DAB00 /* tabBar图标 */ = {
			isa = PBXGroup;
			children = (
			);
			path = "tabBar图标";
			sourceTree = "<group>";
		};
		3F068CC421CF1925003DAB00 /* 推荐 */ = {
			isa = PBXGroup;
			children = (
				3F068CC521CF1925003DAB00 /* recommend.plist */,
				3F068CC621CF1925003DAB00 /* 推荐：theplace */,
				3F068CCA21CF1925003DAB00 /* 推荐：星巴克 */,
				3F068CCE21CF1925003DAB00 /* 推荐：漫咖啡 */,
				3F068CD221CF1925003DAB00 /* 推荐：良木缘 */,
				3F068CD621CF1925003DAB00 /* 推荐：轩客会 */,
			);
			path = "推荐";
			sourceTree = "<group>";
		};
		3F068CC621CF1925003DAB00 /* 推荐：theplace */ = {
			isa = PBXGroup;
			children = (
				3F068CC721CF1925003DAB00 /* theplace_coffee_detail.png */,
				3F068CC821CF1925003DAB00 /* theplace_coffee_logo.png */,
				3F068CC921CF1925003DAB00 /* 推荐：theplace.txt */,
			);
			path = "推荐：theplace";
			sourceTree = "<group>";
		};
		3F068CCA21CF1925003DAB00 /* 推荐：星巴克 */ = {
			isa = PBXGroup;
			children = (
				3F068CCB21CF1925003DAB00 /* starbucks_coffee_detail.png */,
				3F068CCC21CF1925003DAB00 /* starbucks_coffee_logo.png */,
				3F068CCD21CF1925003DAB00 /* 推荐：星巴克.txt */,
			);
			path = "推荐：星巴克";
			sourceTree = "<group>";
		};
		3F068CCE21CF1925003DAB00 /* 推荐：漫咖啡 */ = {
			isa = PBXGroup;
			children = (
				3F068CCF21CF1925003DAB00 /* man_coffee_detail.png */,
				3F068CD021CF1925003DAB00 /* man_coffee_logo.png */,
				3F068CD121CF1925003DAB00 /* 推荐：漫咖啡.txt */,
			);
			path = "推荐：漫咖啡";
			sourceTree = "<group>";
		};
		3F068CD221CF1925003DAB00 /* 推荐：良木缘 */ = {
			isa = PBXGroup;
			children = (
				3F068CD321CF1925003DAB00 /* goodwoods_coffee.detail.png */,
				3F068CD421CF1925003DAB00 /* goodwoods_coffee_logo.png */,
				3F068CD521CF1925003DAB00 /* 推荐：良木缘.txt */,
			);
			path = "推荐：良木缘";
			sourceTree = "<group>";
		};
		3F068CD621CF1925003DAB00 /* 推荐：轩客会 */ = {
			isa = PBXGroup;
			children = (
				3F068CD721CF1925003DAB00 /* winshare_detail.png */,
				3F068CD821CF1925003DAB00 /* winshare_logo.png */,
				3F068CD921CF1925003DAB00 /* 推荐：轩客会.txt */,
			);
			path = "推荐：轩客会";
			sourceTree = "<group>";
		};
		3F068CDA21CF1925003DAB00 /* 景点 */ = {
			isa = PBXGroup;
			children = (
				3F068CDB21CF1925003DAB00 /* viewSpot.plist */,
				3F068CDC21CF1925003DAB00 /* 宽窄巷子 */,
				3F068CE121CF1925003DAB00 /* 杜甫草堂 */,
				3F068CE621CF1925003DAB00 /* 欢乐谷 */,
				3F068CEB21CF1925003DAB00 /* 武侯祠 */,
				3F068CF021CF1925003DAB00 /* 熊猫基地 */,
				3F068CF521CF1925003DAB00 /* 锦里 */,
			);
			path = "景点";
			sourceTree = "<group>";
		};
		3F068CDC21CF1925003DAB00 /* 宽窄巷子 */ = {
			isa = PBXGroup;
			children = (
				3F068CDD21CF1925003DAB00 /* 宽窄巷子.jpg */,
				3F068CDE21CF1925003DAB00 /* 宽窄巷子1.jpg */,
				3F068CDF21CF1925003DAB00 /* 宽窄巷子2.jpg */,
				3F068CE021CF1925003DAB00 /* 宽窄巷子3.jpg */,
			);
			path = "宽窄巷子";
			sourceTree = "<group>";
		};
		3F068CE121CF1925003DAB00 /* 杜甫草堂 */ = {
			isa = PBXGroup;
			children = (
				3F068CE221CF1925003DAB00 /* 杜甫草堂.jpg */,
				3F068CE321CF1925003DAB00 /* 杜甫草堂1.jpg */,
				3F068CE421CF1925003DAB00 /* 杜甫草堂2.jpg */,
				3F068CE521CF1925003DAB00 /* 杜甫草堂3.jpg */,
			);
			path = "杜甫草堂";
			sourceTree = "<group>";
		};
		3F068CE621CF1925003DAB00 /* 欢乐谷 */ = {
			isa = PBXGroup;
			children = (
				3F068CE721CF1925003DAB00 /* 欢乐谷.jpg */,
				3F068CE821CF1925003DAB00 /* 欢乐谷1.jpg */,
				3F068CE921CF1925003DAB00 /* 欢乐谷2.jpg */,
				3F068CEA21CF1925003DAB00 /* 欢乐谷3.jpg */,
			);
			path = "欢乐谷";
			sourceTree = "<group>";
		};
		3F068CEB21CF1925003DAB00 /* 武侯祠 */ = {
			isa = PBXGroup;
			children = (
				3F068CEC21CF1925003DAB00 /* 武侯祠.jpg */,
				3F068CED21CF1925003DAB00 /* 武侯祠1.jpg */,
				3F068CEE21CF1925003DAB00 /* 武侯祠2.jpg */,
				3F068CEF21CF1925003DAB00 /* 武侯祠3.jpg */,
			);
			path = "武侯祠";
			sourceTree = "<group>";
		};
		3F068CF021CF1925003DAB00 /* 熊猫基地 */ = {
			isa = PBXGroup;
			children = (
				3F068CF121CF1925003DAB00 /* 熊猫基地.jpg */,
				3F068CF221CF1925003DAB00 /* 熊猫基地1.jpg */,
				3F068CF321CF1925003DAB00 /* 熊猫基地2.jpg */,
				3F068CF421CF1925003DAB00 /* 熊猫基地3.jpg */,
			);
			path = "熊猫基地";
			sourceTree = "<group>";
		};
		3F068CF521CF1925003DAB00 /* 锦里 */ = {
			isa = PBXGroup;
			children = (
				3F068CF621CF1925003DAB00 /* 锦里.jpg */,
				3F068CF721CF1925003DAB00 /* 锦里1.jpg */,
				3F068CF821CF1925003DAB00 /* 锦里2.jpg */,
				3F068CF921CF1925003DAB00 /* 锦里3.jpg */,
			);
			path = "锦里";
			sourceTree = "<group>";
		};
		3F068CFA21CF1925003DAB00 /* 更多 */ = {
			isa = PBXGroup;
			children = (
				3F068CFB21CF1925003DAB00 /* 个人信息@2x.png */,
				3F068CFC21CF1925003DAB00 /* 关于我们@2x.png */,
				3F068CFD21CF1925003DAB00 /* 意见反馈@2x.png */,
				3F068CFE21CF1925003DAB00 /* 清除缓存@2x.png */,
				3F068CFF21CF1925003DAB00 /* 通知设置@2x.png */,
			);
			path = "更多";
			sourceTree = "<group>";
		};
		3F068D0021CF1925003DAB00 /* 登录logo */ = {
			isa = PBXGroup;
			children = (
				3F068D0121CF1925003DAB00 /* icon-1024.png */,
				3F068D0221CF1925003DAB00 /* icon-120.png */,
				3F068D0321CF1925003DAB00 /* icon-152.png */,
				3F068D0421CF1925003DAB00 /* icon-167.png */,
				3F068D0521CF1925003DAB00 /* icon-180.png */,
				3F068D0621CF1925003DAB00 /* icon-20.png */,
				3F068D0721CF1925003DAB00 /* icon-29.png */,
				3F068D0821CF1925003DAB00 /* icon-40.png */,
				3F068D0921CF1925003DAB00 /* icon-58.png */,
				3F068D0A21CF1925003DAB00 /* icon-60.png */,
				3F068D0B21CF1925003DAB00 /* icon-76.png */,
				3F068D0C21CF1925003DAB00 /* icon-80.png */,
				3F068D0D21CF1925003DAB00 /* icon-87.png */,
				3F068D0E21CF1925003DAB00 /* logo.png */,
				3F068D0F21CF1925003DAB00 /* logo3.png */,
			);
			path = "登录logo";
			sourceTree = "<group>";
		};
		3F068D1021CF1925003DAB00 /* 音乐 */ = {
			isa = PBXGroup;
			children = (
				3F068D1121CF1925003DAB00 /* background.mp3 */,
				3F068D1221CF1925003DAB00 /* music_fail.mp3 */,
				3F068D1321CF1925003DAB00 /* music_success.caf */,
			);
			path = "音乐";
			sourceTree = "<group>";
		};
		3F068D6E21CF2748003DAB00 /* 首页 */ = {
			isa = PBXGroup;
			children = (
				3F068D6F21CF2748003DAB00 /* 首页2.png */,
				3F068D7021CF2748003DAB00 /* 首页3.png */,
				3F068D7121CF2748003DAB00 /* 首页1.png */,
				3F068D7221CF2748003DAB00 /* Home.plist */,
			);
			name = "首页";
			path = "../../../../../../../Volumes/共享资料/实训资料/成都生活展示（素材）/首页";
			sourceTree = "<group>";
		};
/* End PBXGroup section */

/* Begin PBXNativeTarget section */
		3F068CA321CF15D4003DAB00 /* lesson4 */ = {
			isa = PBXNativeTarget;
			buildConfigurationList = 3F068CB621CF15D5003DAB00 /* Build configuration list for PBXNativeTarget "lesson4" */;
			buildPhases = (
				3F068CA021CF15D4003DAB00 /* Sources */,
				3F068CA121CF15D4003DAB00 /* Frameworks */,
				3F068CA221CF15D4003DAB00 /* Resources */,
			);
			buildRules = (
			);
			dependencies = (
			);
			name = lesson4;
			productName = lesson4;
			productReference = 3F068CA421CF15D4003DAB00 /* lesson4.app */;
			productType = "com.apple.product-type.application";
		};
/* End PBXNativeTarget section */

/* Begin PBXProject section */
		3F068C9C21CF15D4003DAB00 /* Project object */ = {
			isa = PBXProject;
			attributes = {
				LastSwiftUpdateCheck = 1000;
				LastUpgradeCheck = 1000;
				ORGANIZATIONNAME = yh;
				TargetAttributes = {
					3F068CA321CF15D4003DAB00 = {
						CreatedOnToolsVersion = 10.0;
					};
				};
			};
			buildConfigurationList = 3F068C9F21CF15D4003DAB00 /* Build configuration list for PBXProject "lesson4" */;
			compatibilityVersion = "Xcode 9.3";
			developmentRegion = en;
			hasScannedForEncodings = 0;
			knownRegions = (
				en,
				Base,
			);
			mainGroup = 3F068C9B21CF15D4003DAB00;
			productRefGroup = 3F068CA521CF15D4003DAB00 /* Products */;
			projectDirPath = "";
			projectRoot = "";
			targets = (
				3F068CA321CF15D4003DAB00 /* lesson4 */,
			);
		};
/* End PBXProject section */

/* Begin PBXResourcesBuildPhase section */
		3F068CA221CF15D4003DAB00 /* Resources */ = {
			isa = PBXResourcesBuildPhase;
			buildActionMask = 2147483647;
			files = (
				3F068D4321CF1925003DAB00 /* 熊猫基地1.jpg in Resources */,
				3F068D5921CF1925003DAB00 /* icon-76.png in Resources */,
				3F068D3A21CF1925003DAB00 /* 欢乐谷.jpg in Resources */,
				3F068D5B21CF1925003DAB00 /* icon-87.png in Resources */,
				3F068D4B21CF1925003DAB00 /* 关于我们@2x.png in Resources */,
				3F068D1F21CF1925003DAB00 /* icon_menu_x_press.png in Resources */,
				3F068D5221CF1925003DAB00 /* icon-167.png in Resources */,
				3F068D2221CF1925003DAB00 /* theplace_coffee_detail.png in Resources */,
				3F068D3421CF1925003DAB00 /* 宽窄巷子2.jpg in Resources */,
				3F068CB221CF15D5003DAB00 /* LaunchScreen.storyboard in Resources */,
				3F068D2B21CF1925003DAB00 /* goodwoods_coffee.detail.png in Resources */,
				3F068D3021CF1925003DAB00 /* 推荐：轩客会.txt in Resources */,
				3F068D3E21CF1925003DAB00 /* 武侯祠.jpg in Resources */,
				3F068D5821CF1925003DAB00 /* icon-60.png in Resources */,
				3F068D5421CF1925003DAB00 /* icon-20.png in Resources */,
				3F068D3321CF1925003DAB00 /* 宽窄巷子1.jpg in Resources */,
				3F068D2421CF1925003DAB00 /* 推荐：theplace.txt in Resources */,
				3F068D4E21CF1925003DAB00 /* 通知设置@2x.png in Resources */,
				3F068D4921CF1925003DAB00 /* 锦里3.jpg in Resources */,
				3F068D3B21CF1925003DAB00 /* 欢乐谷1.jpg in Resources */,
				3F068D5E21CF1925003DAB00 /* background.mp3 in Resources */,
				3F068D7621CF2748003DAB00 /* Home.plist in Resources */,
				3F068D3621CF1925003DAB00 /* 杜甫草堂.jpg in Resources */,
				3F068D2F21CF1925003DAB00 /* winshare_logo.png in Resources */,
				3F068D5321CF1925003DAB00 /* icon-180.png in Resources */,
				3F068D2021CF1925003DAB00 /* icon_menu_x_selected.png in Resources */,
				3F068D3721CF1925003DAB00 /* 杜甫草堂1.jpg in Resources */,
				3F068D2921CF1925003DAB00 /* man_coffee_logo.png in Resources */,
				3F068D2821CF1925003DAB00 /* man_coffee_detail.png in Resources */,
				3F068D2121CF1925003DAB00 /* recommend.plist in Resources */,
				3F068D1B21CF1925003DAB00 /* icon_menu_ihave_press.png in Resources */,
				3F068D2C21CF1925003DAB00 /* goodwoods_coffee_logo.png in Resources */,
				3F068D4721CF1925003DAB00 /* 锦里1.jpg in Resources */,
				3F068D3821CF1925003DAB00 /* 杜甫草堂2.jpg in Resources */,
				3F068D5721CF1925003DAB00 /* icon-58.png in Resources */,
				3F068D4C21CF1925003DAB00 /* 意见反馈@2x.png in Resources */,
				3F068D7321CF2748003DAB00 /* 首页2.png in Resources */,
				3F068D4F21CF1925003DAB00 /* icon-1024.png in Resources */,
				3F068D2321CF1925003DAB00 /* theplace_coffee_logo.png in Resources */,
				3F068D5121CF1925003DAB00 /* icon-152.png in Resources */,
				3F068D6021CF1925003DAB00 /* music_success.caf in Resources */,
				3F068D3C21CF1925003DAB00 /* 欢乐谷2.jpg in Resources */,
				3F068D1C21CF1925003DAB00 /* icon_menu_ihave_selected.png in Resources */,
				3F068D7521CF2748003DAB00 /* 首页1.png in Resources */,
				3F068D2521CF1925003DAB00 /* starbucks_coffee_detail.png in Resources */,
				3F068D5D21CF1925003DAB00 /* logo3.png in Resources */,
				3F068D5021CF1925003DAB00 /* icon-120.png in Resources */,
				3F068D3921CF1925003DAB00 /* 杜甫草堂3.jpg in Resources */,
				3F068D1A21CF1925003DAB00 /* icon_menu_hp_selected.png in Resources */,
				3F068D3521CF1925003DAB00 /* 宽窄巷子3.jpg in Resources */,
				3F068D4221CF1925003DAB00 /* 熊猫基地.jpg in Resources */,
				3F068D3121CF1925003DAB00 /* viewSpot.plist in Resources */,
				3F068D4621CF1925003DAB00 /* 锦里.jpg in Resources */,
				3F068D1921CF1925003DAB00 /* icon_menu_hp_press.png in Resources */,
				3F068CAF21CF15D5003DAB00 /* Assets.xcassets in Resources */,
				3F068D4021CF1925003DAB00 /* 武侯祠2.jpg in Resources */,
				3F068D4A21CF1925003DAB00 /* 个人信息@2x.png in Resources */,
				3F068D2D21CF1925003DAB00 /* 推荐：良木缘.txt in Resources */,
				3F068D2E21CF1925003DAB00 /* winshare_detail.png in Resources */,
				3F068CAD21CF15D4003DAB00 /* Main.storyboard in Resources */,
				3F068D5F21CF1925003DAB00 /* music_fail.mp3 in Resources */,
				3F068D4121CF1925003DAB00 /* 武侯祠3.jpg in Resources */,
				3F068D4D21CF1925003DAB00 /* 清除缓存@2x.png in Resources */,
				3F068D4421CF1925003DAB00 /* 熊猫基地2.jpg in Resources */,
				3F068D1E21CF1925003DAB00 /* icon_menu_profile_selected.png in Resources */,
				3F068D4821CF1925003DAB00 /* 锦里2.jpg in Resources */,
				3F068D3F21CF1925003DAB00 /* 武侯祠1.jpg in Resources */,
				3F068D7421CF2748003DAB00 /* 首页3.png in Resources */,
				3F068D5A21CF1925003DAB00 /* icon-80.png in Resources */,
				3F068D5C21CF1925003DAB00 /* logo.png in Resources */,
				3F068D2A21CF1925003DAB00 /* 推荐：漫咖啡.txt in Resources */,
				3F068D4521CF1925003DAB00 /* 熊猫基地3.jpg in Resources */,
				3F068D5621CF1925003DAB00 /* icon-40.png in Resources */,
				3F068D3D21CF1925003DAB00 /* 欢乐谷3.jpg in Resources */,
				3F068D1D21CF1925003DAB00 /* icon_menu_profile_press.png in Resources */,
				3F068D3221CF1925003DAB00 /* 宽窄巷子.jpg in Resources */,
				3F068D2721CF1925003DAB00 /* 推荐：星巴克.txt in Resources */,
				3F068D2621CF1925003DAB00 /* starbucks_coffee_logo.png in Resources */,
				3F068D5521CF1925003DAB00 /* icon-29.png in Resources */,
			);
			runOnlyForDeploymentPostprocessing = 0;
		};
/* End PBXResourcesBuildPhase section */

/* Begin PBXSourcesBuildPhase section */
		3F068CA021CF15D4003DAB00 /* Sources */ = {
			isa = PBXSourcesBuildPhase;
			buildActionMask = 2147483647;
			files = (
				3F068CAA21CF15D4003DAB00 /* ViewController.swift in Sources */,
				3F068CA821CF15D4003DAB00 /* AppDelegate.swift in Sources */,
				3F068D7821CF292F003DAB00 /* RecommendViewController.swift in Sources */,
			);
			runOnlyForDeploymentPostprocessing = 0;
		};
/* End PBXSourcesBuildPhase section */

/* Begin PBXVariantGroup section */
		3F068CAB21CF15D4003DAB00 /* Main.storyboard */ = {
			isa = PBXVariantGroup;
			children = (
				3F068CAC21CF15D4003DAB00 /* Base */,
			);
			name = Main.storyboard;
			sourceTree = "<group>";
		};
		3F068CB021CF15D5003DAB00 /* LaunchScreen.storyboard */ = {
			isa = PBXVariantGroup;
			children = (
				3F068CB121CF15D5003DAB00 /* Base */,
			);
			name = LaunchScreen.storyboard;
			sourceTree = "<group>";
		};
/* End PBXVariantGroup section */

/* Begin XCBuildConfiguration section */
		3F068CB421CF15D5003DAB00 /* Debug */ = {
			isa = XCBuildConfiguration;
			buildSettings = {
				ALWAYS_SEARCH_USER_PATHS = NO;
				CLANG_ANALYZER_NONNULL = YES;
				CLANG_ANALYZER_NUMBER_OBJECT_CONVERSION = YES_AGGRESSIVE;
				CLANG_CXX_LANGUAGE_STANDARD = "gnu++14";
				CLANG_CXX_LIBRARY = "libc++";
				CLANG_ENABLE_MODULES = YES;
				CLANG_ENABLE_OBJC_ARC = YES;
				CLANG_ENABLE_OBJC_WEAK = YES;
				CLANG_WARN_BLOCK_CAPTURE_AUTORELEASING = YES;
				CLANG_WARN_BOOL_CONVERSION = YES;
				CLANG_WARN_COMMA = YES;
				CLANG_WARN_CONSTANT_CONVERSION = YES;
				CLANG_WARN_DEPRECATED_OBJC_IMPLEMENTATIONS = YES;
				CLANG_WARN_DIRECT_OBJC_ISA_USAGE = YES_ERROR;
				CLANG_WARN_DOCUMENTATION_COMMENTS = YES;
				CLANG_WARN_EMPTY_BODY = YES;
				CLANG_WARN_ENUM_CONVERSION = YES;
				CLANG_WARN_INFINITE_RECURSION = YES;
				CLANG_WARN_INT_CONVERSION = YES;
				CLANG_WARN_NON_LITERAL_NULL_CONVERSION = YES;
				CLANG_WARN_OBJC_IMPLICIT_RETAIN_SELF = YES;
				CLANG_WARN_OBJC_LITERAL_CONVERSION = YES;
				CLANG_WARN_OBJC_ROOT_CLASS = YES_ERROR;
				CLANG_WARN_RANGE_LOOP_ANALYSIS = YES;
				CLANG_WARN_STRICT_PROTOTYPES = YES;
				CLANG_WARN_SUSPICIOUS_MOVE = YES;
				CLANG_WARN_UNGUARDED_AVAILABILITY = YES_AGGRESSIVE;
				CLANG_WARN_UNREACHABLE_CODE = YES;
				CLANG_WARN__DUPLICATE_METHOD_MATCH = YES;
				CODE_SIGN_IDENTITY = "iPhone Developer";
				COPY_PHASE_STRIP = NO;
				DEBUG_INFORMATION_FORMAT = dwarf;
				ENABLE_STRICT_OBJC_MSGSEND = YES;
				ENABLE_TESTABILITY = YES;
				GCC_C_LANGUAGE_STANDARD = gnu11;
				GCC_DYNAMIC_NO_PIC = NO;
				GCC_NO_COMMON_BLOCKS = YES;
				GCC_OPTIMIZATION_LEVEL = 0;
				GCC_PREPROCESSOR_DEFINITIONS = (
					"DEBUG=1",
					"$(inherited)",
				);
				GCC_WARN_64_TO_32_BIT_CONVERSION = YES;
				GCC_WARN_ABOUT_RETURN_TYPE = YES_ERROR;
				GCC_WARN_UNDECLARED_SELECTOR = YES;
				GCC_WARN_UNINITIALIZED_AUTOS = YES_AGGRESSIVE;
				GCC_WARN_UNUSED_FUNCTION = YES;
				GCC_WARN_UNUSED_VARIABLE = YES;
				IPHONEOS_DEPLOYMENT_TARGET = 12.0;
				MTL_ENABLE_DEBUG_INFO = INCLUDE_SOURCE;
				MTL_FAST_MATH = YES;
				ONLY_ACTIVE_ARCH = YES;
				SDKROOT = iphoneos;
				SWIFT_ACTIVE_COMPILATION_CONDITIONS = DEBUG;
				SWIFT_OPTIMIZATION_LEVEL = "-Onone";
			};
			name = Debug;
		};
		3F068CB521CF15D5003DAB00 /* Release */ = {
			isa = XCBuildConfiguration;
			buildSettings = {
				ALWAYS_SEARCH_USER_PATHS = NO;
				CLANG_ANALYZER_NONNULL = YES;
				CLANG_ANALYZER_NUMBER_OBJECT_CONVERSION = YES_AGGRESSIVE;
				CLANG_CXX_LANGUAGE_STANDARD = "gnu++14";
				CLANG_CXX_LIBRARY = "libc++";
				CLANG_ENABLE_MODULES = YES;
				CLANG_ENABLE_OBJC_ARC = YES;
				CLANG_ENABLE_OBJC_WEAK = YES;
				CLANG_WARN_BLOCK_CAPTURE_AUTORELEASING = YES;
				CLANG_WARN_BOOL_CONVERSION = YES;
				CLANG_WARN_COMMA = YES;
				CLANG_WARN_CONSTANT_CONVERSION = YES;
				CLANG_WARN_DEPRECATED_OBJC_IMPLEMENTATIONS = YES;
				CLANG_WARN_DIRECT_OBJC_ISA_USAGE = YES_ERROR;
				CLANG_WARN_DOCUMENTATION_COMMENTS = YES;
				CLANG_WARN_EMPTY_BODY = YES;
				CLANG_WARN_ENUM_CONVERSION = YES;
				CLANG_WARN_INFINITE_RECURSION = YES;
				CLANG_WARN_INT_CONVERSION = YES;
				CLANG_WARN_NON_LITERAL_NULL_CONVERSION = YES;
				CLANG_WARN_OBJC_IMPLICIT_RETAIN_SELF = YES;
				CLANG_WARN_OBJC_LITERAL_CONVERSION = YES;
				CLANG_WARN_OBJC_ROOT_CLASS = YES_ERROR;
				CLANG_WARN_RANGE_LOOP_ANALYSIS = YES;
				CLANG_WARN_STRICT_PROTOTYPES = YES;
				CLANG_WARN_SUSPICIOUS_MOVE = YES;
				CLANG_WARN_UNGUARDED_AVAILABILITY = YES_AGGRESSIVE;
				CLANG_WARN_UNREACHABLE_CODE = YES;
				CLANG_WARN__DUPLICATE_METHOD_MATCH = YES;
				CODE_SIGN_IDENTITY = "iPhone Developer";
				COPY_PHASE_STRIP = NO;
				DEBUG_INFORMATION_FORMAT = "dwarf-with-dsym";
				ENABLE_NS_ASSERTIONS = NO;
				ENABLE_STRICT_OBJC_MSGSEND = YES;
				GCC_C_LANGUAGE_STANDARD = gnu11;
				GCC_NO_COMMON_BLOCKS = YES;
				GCC_WARN_64_TO_32_BIT_CONVERSION = YES;
				GCC_WARN_ABOUT_RETURN_TYPE = YES_ERROR;
				GCC_WARN_UNDECLARED_SELECTOR = YES;
				GCC_WARN_UNINITIALIZED_AUTOS = YES_AGGRESSIVE;
				GCC_WARN_UNUSED_FUNCTION = YES;
				GCC_WARN_UNUSED_VARIABLE = YES;
				IPHONEOS_DEPLOYMENT_TARGET = 12.0;
				MTL_ENABLE_DEBUG_INFO = NO;
				MTL_FAST_MATH = YES;
				SDKROOT = iphoneos;
				SWIFT_COMPILATION_MODE = wholemodule;
				SWIFT_OPTIMIZATION_LEVEL = "-O";
				VALIDATE_PRODUCT = YES;
			};
			name = Release;
		};
		3F068CB721CF15D5003DAB00 /* Debug */ = {
			isa = XCBuildConfiguration;
			buildSettings = {
				ASSETCATALOG_COMPILER_APPICON_NAME = AppIcon;
				CODE_SIGN_STYLE = Automatic;
				INFOPLIST_FILE = lesson4/Info.plist;
				LD_RUNPATH_SEARCH_PATHS = (
					"$(inherited)",
					"@executable_path/Frameworks",
				);
				PRODUCT_BUNDLE_IDENTIFIER = "-016110449.lesson4";
				PRODUCT_NAME = "$(TARGET_NAME)";
				SWIFT_VERSION = 4.2;
				TARGETED_DEVICE_FAMILY = "1,2";
			};
			name = Debug;
		};
		3F068CB821CF15D5003DAB00 /* Release */ = {
			isa = XCBuildConfiguration;
			buildSettings = {
				ASSETCATALOG_COMPILER_APPICON_NAME = AppIcon;
				CODE_SIGN_STYLE = Automatic;
				INFOPLIST_FILE = lesson4/Info.plist;
				LD_RUNPATH_SEARCH_PATHS = (
					"$(inherited)",
					"@executable_path/Frameworks",
				);
				PRODUCT_BUNDLE_IDENTIFIER = "-016110449.lesson4";
				PRODUCT_NAME = "$(TARGET_NAME)";
				SWIFT_VERSION = 4.2;
				TARGETED_DEVICE_FAMILY = "1,2";
			};
			name = Release;
		};
/* End XCBuildConfiguration section */

/* Begin XCConfigurationList section */
		3F068C9F21CF15D4003DAB00 /* Build configuration list for PBXProject "lesson4" */ = {
			isa = XCConfigurationList;
			buildConfigurations = (
				3F068CB421CF15D5003DAB00 /* Debug */,
				3F068CB521CF15D5003DAB00 /* Release */,
			);
			defaultConfigurationIsVisible = 0;
			defaultConfigurationName = Release;
		};
		3F068CB621CF15D5003DAB00 /* Build configuration list for PBXNativeTarget "lesson4" */ = {
			isa = XCConfigurationList;
			buildConfigurations = (
				3F068CB721CF15D5003DAB00 /* Debug */,
				3F068CB821CF15D5003DAB00 /* Release */,
			);
			defaultConfigurationIsVisible = 0;
			defaultConfigurationName = Release;
		};
/* End XCConfigurationList section */
	};
	rootObject = 3F068C9C21CF15D4003DAB00 /* Project object */;
}
